
Microsoft Visual Studio Solution File, Format Version 12.00
# Visual Studio Version 17
VisualStudioVersion = 17.14.36623.8
MinimumVisualStudioVersion = 10.0.40219.1
Project("{FAE04EC0-301F-11D3-BF4B-00C04F79EFBC}") = "Ordering.Domain", "src\Ordering.Domain\Ordering.Domain.csproj", "{01310C33-AFC7-41A4-89E9-FF2E09B2671E}"
EndProject
Project("{FAE04EC0-301F-11D3-BF4B-00C04F79EFBC}") = "Ordering.API", "src\Ordering.API\Ordering.API.csproj", "{C640AACE-E931-4DD2-80A3-7FBB5548C529}"
EndProject
Project("{FAE04EC0-301F-11D3-BF4B-00C04F79EFBC}") = "Ordering.Persistance.Postgres", "src\Ordering.Persistance.Postgres\Ordering.Persistance.Postgres.csproj", "{2C14A9D1-83F8-40D0-B5B4-B45BB9B1B620}"
EndProject
Project("{FAE04EC0-301F-11D3-BF4B-00C04F79EFBC}") = "Ordering.Persistance", "src\Ordering.Persistance\Ordering.Persistance.csproj", "{685980EE-7C74-3070-E56B-6C79E651EB9F}"
EndProject
Project("{FAE04EC0-301F-11D3-BF4B-00C04F79EFBC}") = "Ordering.Application", "src\Ordering.Application\Ordering.Application.csproj", "{480C92AA-82FC-4068-B495-791EE838FC71}"
EndProject
Project("{FAE04EC0-301F-11D3-BF4B-00C04F79EFBC}") = "Ordering.Messaging.RabbitMq", "src\Ordering.Messaging.RabbitMq\Ordering.Messaging.RabbitMq.csproj", "{FA946A75-8659-467F-AD87-1E8756E7BF0E}"
EndProject
Project("{FAE04EC0-301F-11D3-BF4B-00C04F79EFBC}") = "Ordering.Processing", "src\Ordering.Processing\Ordering.Processing.csproj", "{CE78CF8E-88E4-4EBE-B8EC-56DE56E3C2B2}"
EndProject
Global
	GlobalSection(SolutionConfigurationPlatforms) = preSolution
		Debug|Any CPU = Debug|Any CPU
		Release|Any CPU = Release|Any CPU
	EndGlobalSection
	GlobalSection(ProjectConfigurationPlatforms) = postSolution
		{01310C33-AFC7-41A4-89E9-FF2E09B2671E}.Debug|Any CPU.ActiveCfg = Debug|Any CPU
		{01310C33-AFC7-41A4-89E9-FF2E09B2671E}.Debug|Any CPU.Build.0 = Debug|Any CPU
		{01310C33-AFC7-41A4-89E9-FF2E09B2671E}.Release|Any CPU.ActiveCfg = Release|Any CPU
		{01310C33-AFC7-41A4-89E9-FF2E09B2671E}.Release|Any CPU.Build.0 = Release|Any CPU
		{C640AACE-E931-4DD2-80A3-7FBB5548C529}.Debug|Any CPU.ActiveCfg = Debug|Any CPU
		{C640AACE-E931-4DD2-80A3-7FBB5548C529}.Debug|Any CPU.Build.0 = Debug|Any CPU
		{C640AACE-E931-4DD2-80A3-7FBB5548C529}.Release|Any CPU.ActiveCfg = Release|Any CPU
		{C640AACE-E931-4DD2-80A3-7FBB5548C529}.Release|Any CPU.Build.0 = Release|Any CPU
		{2C14A9D1-83F8-40D0-B5B4-B45BB9B1B620}.Debug|Any CPU.ActiveCfg = Debug|Any CPU
		{2C14A9D1-83F8-40D0-B5B4-B45BB9B1B620}.Debug|Any CPU.Build.0 = Debug|Any CPU
		{2C14A9D1-83F8-40D0-B5B4-B45BB9B1B620}.Release|Any CPU.ActiveCfg = Release|Any CPU
		{2C14A9D1-83F8-40D0-B5B4-B45BB9B1B620}.Release|Any CPU.Build.0 = Release|Any CPU
		{685980EE-7C74-3070-E56B-6C79E651EB9F}.Debug|Any CPU.ActiveCfg = Debug|Any CPU
		{685980EE-7C74-3070-E56B-6C79E651EB9F}.Debug|Any CPU.Build.0 = Debug|Any CPU
		{685980EE-7C74-3070-E56B-6C79E651EB9F}.Release|Any CPU.ActiveCfg = Release|Any CPU
		{685980EE-7C74-3070-E56B-6C79E651EB9F}.Release|Any CPU.Build.0 = Release|Any CPU
		{480C92AA-82FC-4068-B495-791EE838FC71}.Debug|Any CPU.ActiveCfg = Debug|Any CPU
		{480C92AA-82FC-4068-B495-791EE838FC71}.Debug|Any CPU.Build.0 = Debug|Any CPU
		{480C92AA-82FC-4068-B495-791EE838FC71}.Release|Any CPU.ActiveCfg = Release|Any CPU
		{480C92AA-82FC-4068-B495-791EE838FC71}.Release|Any CPU.Build.0 = Release|Any CPU
		{FA946A75-8659-467F-AD87-1E8756E7BF0E}.Debug|Any CPU.ActiveCfg = Debug|Any CPU
		{FA946A75-8659-467F-AD87-1E8756E7BF0E}.Debug|Any CPU.Build.0 = Debug|Any CPU
		{FA946A75-8659-467F-AD87-1E8756E7BF0E}.Release|Any CPU.ActiveCfg = Release|Any CPU
		{FA946A75-8659-467F-AD87-1E8756E7BF0E}.Release|Any CPU.Build.0 = Release|Any CPU
		{CE78CF8E-88E4-4EBE-B8EC-56DE56E3C2B2}.Debug|Any CPU.ActiveCfg = Debug|Any CPU
		{CE78CF8E-88E4-4EBE-B8EC-56DE56E3C2B2}.Debug|Any CPU.Build.0 = Debug|Any CPU
		{CE78CF8E-88E4-4EBE-B8EC-56DE56E3C2B2}.Release|Any CPU.ActiveCfg = Release|Any CPU
		{CE78CF8E-88E4-4EBE-B8EC-56DE56E3C2B2}.Release|Any CPU.Build.0 = Release|Any CPU
	EndGlobalSection
	GlobalSection(SolutionProperties) = preSolution
		HideSolutionNode = FALSE
	EndGlobalSection
	GlobalSection(ExtensibilityGlobals) = postSolution
		SolutionGuid = {21604248-BED8-4699-A18D-A280116C31B6}
	EndGlobalSection
EndGlobal
